
Microsoft Visual Studio Solution File, Format Version 12.00
# Visual Studio Version 17
VisualStudioVersion = 17.9.34714.143
MinimumVisualStudioVersion = 10.0.40219.1
Project("{FAE04EC0-301F-11D3-BF4B-00C04F79EFBC}") = "DigitalYardOffline", "DigitalYardOffline\DigitalYardOffline.csproj", "{23604E8C-4799-4C72-ACEA-8A3B39A5C4C0}"
EndProject
Project("{2150E333-8FDC-42A3-9474-1A3956D46DE8}") = "1.- Web API", "1.- Web API", "{5A90E914-D6BF-4663-A1E6-06B22F5FE34F}"
EndProject
Global
	GlobalSection(SolutionConfigurationPlatforms) = preSolution
		Debug|Any CPU = Debug|Any CPU
		Release|Any CPU = Release|Any CPU
	EndGlobalSection
	GlobalSection(ProjectConfigurationPlatforms) = postSolution
		{23604E8C-4799-4C72-ACEA-8A3B39A5C4C0}.Debug|Any CPU.ActiveCfg = Debug|Any CPU
		{23604E8C-4799-4C72-ACEA-8A3B39A5C4C0}.Debug|Any CPU.Build.0 = Debug|Any CPU
		{23604E8C-4799-4C72-ACEA-8A3B39A5C4C0}.Release|Any CPU.ActiveCfg = Release|Any CPU
		{23604E8C-4799-4C72-ACEA-8A3B39A5C4C0}.Release|Any CPU.Build.0 = Release|Any CPU
	EndGlobalSection
	GlobalSection(SolutionProperties) = preSolution
		HideSolutionNode = FALSE
	EndGlobalSection
	GlobalSection(NestedProjects) = preSolution
		{23604E8C-4799-4C72-ACEA-8A3B39A5C4C0} = {5A90E914-D6BF-4663-A1E6-06B22F5FE34F}
	EndGlobalSection
	GlobalSection(ExtensibilityGlobals) = postSolution
		SolutionGuid = {16353F69-DBDB-492D-BBA0-983483193190}
	EndGlobalSection
EndGlobal
